#MicroXplorer Configuration settings - do not modify
Mcu.Family=STM32F4
ProjectManager.MainLocation=Core/Src
PC15-OSC32_OUT.Mode=LSE-External-Oscillator
PC7.GPIOParameters=GPIO_Label
ProjectManager.ProjectFileName=Projeto Servo.ioc
PH0-OSC_IN.Signal=RCC_OSC_IN
RCC.CortexFreq_Value=250000
ProjectManager.KeepUserCode=true
Mcu.UserName=STM32F446RETx
Mcu.PinsNb=9
ProjectManager.NoMain=false
RCC.PLLCLKFreq_Value=96000000
RCC.FMPI2C1Freq_Value=31250
RCC.PLLQCLKFreq_Value=96000000
PC7.Locked=true
RCC.VCOI2SInputFreq_Value=1000000
ProjectManager.functionlistsort=1-MX_GPIO_Init-GPIO-false-HAL-true,2-SystemClock_Config-RCC-false-HAL-false,3-MX_TIM3_Init-TIM3-false-HAL-true
ProjectManager.DefaultFWLocation=true
RCC.PLLI2SRCLKFreq_Value=96000000
ProjectManager.DeletePrevious=true
RCC.APB1CLKDivider=RCC_HCLK_DIV8
PC14-OSC32_IN.Signal=RCC_OSC32_IN
RCC.SAIAFreq_Value=96000000
PinOutPanel.RotationAngle=0
RCC.FamilyName=M
ProjectManager.StackSize=0x400
PA13.Signal=SYS_JTMS-SWDIO
RCC.FCLKCortexFreq_Value=250000
Mcu.IP2=SYS
NVIC.SVCall_IRQn=true\:0\:0\:false\:false\:true\:false\:false
Mcu.IP3=TIM3
Mcu.IP0=NVIC
Mcu.IP1=RCC
Mcu.UserConstants=
SH.S_TIM3_CH2.ConfNb=1
ProjectManager.TargetToolchain=STM32CubeIDE
Mcu.ThirdPartyNb=0
RCC.SDIOFreq_Value=96000000
RCC.HCLKFreq_Value=250000
Mcu.IPNb=4
ProjectManager.PreviousToolchain=
RCC.APB2TimFreq_Value=62500
TIM3.Period=1250
PC7.Signal=S_TIM3_CH2
Mcu.Pin6=PA14
Mcu.Pin7=VP_SYS_VS_Systick
ProjectManager.RegisterCallBack=
Mcu.Pin8=VP_TIM3_VS_ClockSourceINT
RCC.USBFreq_Value=96000000
RCC.VCOSAIOutputFreq_Value=192000000
VP_TIM3_VS_ClockSourceINT.Signal=TIM3_VS_ClockSourceINT
PC15-OSC32_OUT.Signal=RCC_OSC32_OUT
RCC.AHBFreq_Value=250000
PH0-OSC_IN.Mode=HSE-External-Oscillator
Mcu.Pin0=PC14-OSC32_IN
Mcu.Pin1=PC15-OSC32_OUT
Mcu.Pin2=PH0-OSC_IN
Mcu.Pin3=PH1-OSC_OUT
Mcu.Pin4=PC7
RCC.VCOI2SOutputFreq_Value=192000000
Mcu.Pin5=PA13
ProjectManager.ProjectBuild=false
SH.S_TIM3_CH2.0=TIM3_CH2,PWM Generation2 CH2
NVIC.UsageFault_IRQn=true\:0\:0\:false\:false\:true\:false\:false
NVIC.DebugMonitor_IRQn=true\:0\:0\:false\:false\:true\:false\:false
RCC.PLLSAIPCLKFreq_Value=96000000
board=custom
RCC.VCOOutputFreq_Value=192000000
NVIC.SysTick_IRQn=true\:0\:0\:false\:false\:true\:false\:true
ProjectManager.LastFirmware=true
ProjectManager.FirmwarePackage=STM32Cube FW_F4 V1.26.2
MxDb.Version=DB.6.0.21
RCC.APB2Freq_Value=31250
ProjectManager.BackupPrevious=false
MxCube.Version=6.2.1
PC14-OSC32_IN.Mode=LSE-External-Oscillator
RCC.VCOInputFreq_Value=1000000
RCC.PLLI2SPCLKFreq_Value=96000000
PA14.Mode=Serial_Wire
File.Version=6
VP_SYS_VS_Systick.Mode=SysTick
TIM3.IPParameters=Channel-PWM Generation2 CH2,Period,Pulse-PWM Generation2 CH2
PH1-OSC_OUT.Signal=RCC_OSC_OUT
NVIC.NonMaskableInt_IRQn=true\:0\:0\:false\:false\:true\:false\:false
RCC.AHBCLKDivider=RCC_SYSCLK_DIV64
RCC.PLLRCLKFreq_Value=96000000
NVIC.PendSV_IRQn=true\:0\:0\:false\:false\:true\:false\:false
PA13.Mode=Serial_Wire
ProjectManager.FreePins=false
RCC.IPParameters=AHBCLKDivider,AHBFreq_Value,APB1CLKDivider,APB1Freq_Value,APB1TimFreq_Value,APB2CLKDivider,APB2Freq_Value,APB2TimFreq_Value,CECFreq_Value,CortexFreq_Value,FCLKCortexFreq_Value,FMPI2C1Freq_Value,FamilyName,HCLKFreq_Value,PLLCLKFreq_Value,PLLI2SPCLKFreq_Value,PLLI2SQCLKFreq_Value,PLLI2SRCLKFreq_Value,PLLQCLKFreq_Value,PLLRCLKFreq_Value,PLLSAIPCLKFreq_Value,PLLSAIQCLKFreq_Value,SAIAFreq_Value,SAIBFreq_Value,SDIOFreq_Value,USBFreq_Value,VCOI2SInputFreq_Value,VCOI2SOutputFreq_Value,VCOInputFreq_Value,VCOOutputFreq_Value,VCOSAIInputFreq_Value,VCOSAIOutputFreq_Value
ProjectManager.AskForMigrate=true
Mcu.Name=STM32F446R(C-E)Tx
RCC.PLLI2SQCLKFreq_Value=96000000
ProjectManager.HalAssertFull=false
ProjectManager.ProjectName=Projeto Servo
ProjectManager.UnderRoot=true
PC7.GPIO_Label=Fio Laranja
RCC.VCOSAIInputFreq_Value=1000000
ProjectManager.CoupleFile=false
PH1-OSC_OUT.Mode=HSE-External-Oscillator
Mcu.Package=LQFP64
NVIC.ForceEnableDMAVector=true
KeepUserPlacement=false
NVIC.MemoryManagement_IRQn=true\:0\:0\:false\:false\:true\:false\:false
ProjectManager.CompilerOptimize=6
ProjectManager.ToolChainLocation=
VP_SYS_VS_Systick.Signal=SYS_VS_Systick
PA14.Signal=SYS_JTCK-SWCLK
ProjectManager.HeapSize=0x200
NVIC.HardFault_IRQn=true\:0\:0\:false\:false\:true\:false\:false
ProjectManager.ComputerToolchain=false
NVIC.PriorityGroup=NVIC_PRIORITYGROUP_4
RCC.APB2CLKDivider=RCC_HCLK_DIV8
TIM3.Channel-PWM\ Generation2\ CH2=TIM_CHANNEL_2
RCC.CECFreq_Value=32786.88524590164
RCC.APB1TimFreq_Value=62500
NVIC.BusFault_IRQn=true\:0\:0\:false\:false\:true\:false\:false
TIM3.Pulse-PWM\ Generation2\ CH2=94
RCC.SAIBFreq_Value=96000000
RCC.APB1Freq_Value=31250
ProjectManager.CustomerFirmwarePackage=
VP_TIM3_VS_ClockSourceINT.Mode=Internal
ProjectManager.DeviceId=STM32F446RETx
ProjectManager.LibraryCopy=1
RCC.PLLSAIQCLKFreq_Value=96000000
isbadioc=false
