#MicroXplorer Configuration settings - do not modify
Mcu.Family=STM32F4
PA6.GPIOParameters=GPIO_Label
ProjectManager.MainLocation=Core/Src
PC15-OSC32_OUT.Mode=LSE-External-Oscillator
PC7.GPIOParameters=GPIO_Label
ProjectManager.ProjectFileName=Projeto Estrategia.ioc
PH0-OSC_IN.Signal=RCC_OSC_IN
RCC.CortexFreq_Value=16000000
UART4.IPParameters=VirtualMode,BaudRate
ProjectManager.KeepUserCode=true
Mcu.UserName=STM32F446RETx
Mcu.PinsNb=19
PB10.Mode=I2C
ProjectManager.NoMain=false
RCC.PLLCLKFreq_Value=96000000
PA9.GPIO_Label=SER_DATA
PA14.GPIO_Label=TCK
RCC.PLLQCLKFreq_Value=96000000
PC7.Locked=true
RCC.VCOI2SInputFreq_Value=1000000
ProjectManager.functionlistsort=1-MX_GPIO_Init-GPIO-false-HAL-true,2-SystemClock_Config-RCC-false-HAL-false,3-MX_I2C2_Init-I2C2-false-HAL-true,4-MX_TIM3_Init-TIM3-false-HAL-true,5-MX_TIM2_Init-TIM2-false-HAL-true,6-MX_UART4_Init-UART4-false-HAL-true
PA9.GPIOParameters=GPIO_Label
ProjectManager.DefaultFWLocation=true
PA6.GPIO_Label=LATCH
RCC.PLLI2SRCLKFreq_Value=96000000
ProjectManager.DeletePrevious=true
UART4.VirtualMode=Asynchronous
PC14-OSC32_IN.Signal=RCC_OSC32_IN
PB10.Locked=true
RCC.SAIAFreq_Value=96000000
SH.S_TIM2_CH1_ETR.ConfNb=1
PinOutPanel.RotationAngle=0
RCC.FamilyName=M
ProjectManager.StackSize=0x400
PB5.GPIOParameters=GPIO_Label
PA0-WKUP.Signal=UART4_TX
PA0-WKUP.Mode=Asynchronous
PA13.Signal=SYS_JTMS-SWDIO
Mcu.IP4=TIM2
Mcu.IP5=TIM3
NVIC.SVCall_IRQn=true\:0\:0\:false\:false\:true\:false\:false
Mcu.IP2=RCC
Mcu.IP3=SYS
Mcu.IP0=I2C2
Mcu.IP1=NVIC
PA8.GPIO_Label=SRCLK
Mcu.UserConstants=
SH.S_TIM3_CH2.ConfNb=1
ProjectManager.TargetToolchain=STM32CubeIDE
Mcu.ThirdPartyNb=0
RCC.SDIOFreq_Value=96000000
UART4.BaudRate=230400
Mcu.IPNb=7
TIM2.IPParameters=Prescaler,Period
ProjectManager.PreviousToolchain=
TIM3.Period=1250
PA9.Signal=GPIO_Output
PC7.Signal=S_TIM3_CH2
PB5.Locked=true
PA8.GPIOParameters=GPIO_Label
Mcu.Pin6=PA5
Mcu.Pin7=PA6
VP_TIM2_VS_ClockSourceINT.Signal=TIM2_VS_ClockSourceINT
ProjectManager.RegisterCallBack=
Mcu.Pin8=PB10
RCC.USBFreq_Value=96000000
Mcu.Pin9=PC7
RCC.VCOSAIOutputFreq_Value=192000000
VP_TIM3_VS_ClockSourceINT.Signal=TIM3_VS_ClockSourceINT
PC15-OSC32_OUT.Signal=RCC_OSC32_OUT
PA1.Signal=UART4_RX
PH0-OSC_IN.Mode=HSE-External-Oscillator
Mcu.Pin0=PC14-OSC32_IN
Mcu.Pin1=PC15-OSC32_OUT
Mcu.Pin2=PH0-OSC_IN
PB10.Signal=I2C2_SCL
Mcu.Pin3=PH1-OSC_OUT
Mcu.Pin4=PA0-WKUP
RCC.VCOI2SOutputFreq_Value=192000000
Mcu.Pin5=PA1
PA5.Signal=S_TIM2_CH1_ETR
ProjectManager.ProjectBuild=false
SH.S_TIM3_CH2.0=TIM3_CH2,PWM Generation2 CH2
NVIC.UsageFault_IRQn=true\:0\:0\:false\:false\:true\:false\:false
NVIC.DebugMonitor_IRQn=true\:0\:0\:false\:false\:true\:false\:false
PB3.Mode=I2C
PA8.Locked=true
RCC.PLLSAIPCLKFreq_Value=96000000
board=custom
RCC.VCOOutputFreq_Value=192000000
NVIC.SysTick_IRQn=true\:0\:0\:false\:false\:true\:false\:true
ProjectManager.LastFirmware=true
ProjectManager.FirmwarePackage=STM32Cube FW_F4 V1.26.2
MxDb.Version=DB.6.0.21
PA1.Mode=Asynchronous
ProjectManager.BackupPrevious=false
MxCube.Version=6.2.1
PC14-OSC32_IN.Mode=LSE-External-Oscillator
RCC.VCOInputFreq_Value=1000000
VP_TIM2_VS_ClockSourceINT.Mode=Internal
RCC.PLLI2SPCLKFreq_Value=96000000
PA14.Mode=Serial_Wire
File.Version=6
VP_SYS_VS_Systick.Mode=SysTick
TIM3.IPParameters=Channel-PWM Generation2 CH2,Period,Pulse-PWM Generation2 CH2
PH1-OSC_OUT.Signal=RCC_OSC_OUT
PA9.Locked=true
PA8.Signal=GPIO_Output
NVIC.NonMaskableInt_IRQn=true\:0\:0\:false\:false\:true\:false\:false
RCC.PLLRCLKFreq_Value=96000000
NVIC.PendSV_IRQn=true\:0\:0\:false\:false\:true\:false\:false
TIM2.Period=79
PA13.Mode=Serial_Wire
ProjectManager.FreePins=false
RCC.IPParameters=CECFreq_Value,CortexFreq_Value,FamilyName,PLLCLKFreq_Value,PLLI2SPCLKFreq_Value,PLLI2SQCLKFreq_Value,PLLI2SRCLKFreq_Value,PLLQCLKFreq_Value,PLLRCLKFreq_Value,PLLSAIPCLKFreq_Value,PLLSAIQCLKFreq_Value,SAIAFreq_Value,SAIBFreq_Value,SDIOFreq_Value,USBFreq_Value,VCOI2SInputFreq_Value,VCOI2SOutputFreq_Value,VCOInputFreq_Value,VCOOutputFreq_Value,VCOSAIInputFreq_Value,VCOSAIOutputFreq_Value
ProjectManager.AskForMigrate=true
Mcu.Name=STM32F446R(C-E)Tx
RCC.PLLI2SQCLKFreq_Value=96000000
ProjectManager.HalAssertFull=false
PA13.GPIO_Label=TMS
ProjectManager.ProjectName=Projeto Estrategia
ProjectManager.UnderRoot=true
PC7.GPIO_Label=Fio_Laranja_Servo
PA13.GPIOParameters=GPIO_Label
Mcu.IP6=UART4
RCC.VCOSAIInputFreq_Value=1000000
ProjectManager.CoupleFile=false
PH1-OSC_OUT.Mode=HSE-External-Oscillator
PB3.Signal=I2C2_SDA
Mcu.Package=LQFP64
PB5.Signal=GPIO_Output
TIM2.Prescaler=5000
PA6.Signal=GPIO_Output
PA5.Locked=true
NVIC.ForceEnableDMAVector=true
KeepUserPlacement=false
PA14.GPIOParameters=GPIO_Label
NVIC.MemoryManagement_IRQn=true\:0\:0\:false\:false\:true\:false\:false
ProjectManager.CompilerOptimize=6
ProjectManager.ToolChainLocation=
VP_SYS_VS_Systick.Signal=SYS_VS_Systick
SH.S_TIM2_CH1_ETR.0=TIM2_CH1
PA14.Signal=SYS_JTCK-SWCLK
ProjectManager.HeapSize=0x200
Mcu.Pin15=PB5
NVIC.HardFault_IRQn=true\:0\:0\:false\:false\:true\:false\:false
Mcu.Pin16=VP_SYS_VS_Systick
Mcu.Pin13=PA14
Mcu.Pin14=PB3
ProjectManager.ComputerToolchain=false
Mcu.Pin17=VP_TIM2_VS_ClockSourceINT
Mcu.Pin18=VP_TIM3_VS_ClockSourceINT
NVIC.PriorityGroup=NVIC_PRIORITYGROUP_4
Mcu.Pin11=PA9
TIM3.Channel-PWM\ Generation2\ CH2=TIM_CHANNEL_2
Mcu.Pin12=PA13
PB5.GPIO_Label=RCLK
Mcu.Pin10=PA8
RCC.CECFreq_Value=32786.88524590164
NVIC.BusFault_IRQn=true\:0\:0\:false\:false\:true\:false\:false
TIM3.Pulse-PWM\ Generation2\ CH2=94
RCC.SAIBFreq_Value=96000000
ProjectManager.CustomerFirmwarePackage=
VP_TIM3_VS_ClockSourceINT.Mode=Internal
ProjectManager.DeviceId=STM32F446RETx
ProjectManager.LibraryCopy=1
RCC.PLLSAIQCLKFreq_Value=96000000
PB3.Locked=true
PA6.Locked=true
isbadioc=false
