#MicroXplorer Configuration settings - do not modify
Mcu.Family=STM32F4
ProjectManager.MainLocation=Core/Src
FREERTOS.Queues01=queueMagnetometro,1,float,0,Dynamic,NULL,NULL;queueBluetooth,16,char,0,Dynamic,NULL,NULL;queueMotorDC,1,uint8_t,0,Dynamic,NULL,NULL;queueServoMotor,1,uint16_t,0,Dynamic,NULL,NULL
RCC.CortexFreq_Value=40000000
ProjectManager.KeepUserCode=true
Mcu.UserName=STM32F446RETx
PB10.Mode=Asynchronous
RCC.PLLCLKFreq_Value=80000000
FREERTOS.Events01=
PA14.GPIO_Label=TCK
RCC.PLLQCLKFreq_Value=80000000
PC5.Locked=true
ProjectManager.functionlistsort=1-MX_GPIO_Init-GPIO-false-HAL-true,2-SystemClock_Config-RCC-false-HAL-false,3-MX_I2C1_Init-I2C1-false-HAL-true,4-MX_TIM4_Init-TIM4-false-HAL-true,5-MX_TIM14_Init-TIM14-false-HAL-true,6-MX_USART3_UART_Init-USART3-false-HAL-true
PA9.GPIOParameters=GPIO_Label
RCC.RTCFreq_Value=32000
PA6.GPIO_Label=L293D_LATCH
PB6.GPIO_Label=SG90_PWM
RCC.PLLI2SRCLKFreq_Value=96000000
PC5.Mode=Asynchronous
PC13.GPIO_Label=B1 [Blue PushButton]
RCC.SAIAFreq_Value=96000000
PinOutPanel.RotationAngle=0
RCC.SYSCLKSource=RCC_SYSCLKSOURCE_PLLCLK
ProjectManager.StackSize=0x400
PB5.GPIOParameters=GPIO_Label
VP_FREERTOS_VS_CMSIS_V2.Mode=CMSIS_V2
SH.GPXTI13.0=GPIO_EXTI13
Mcu.IP4=SYS
RCC.FCLKCortexFreq_Value=40000000
Mcu.IP5=TIM4
Mcu.IP2=NVIC
NVIC.SVCall_IRQn=true\:0\:0\:false\:false\:false\:false\:false\:false
Mcu.IP3=RCC
Mcu.IP0=FREERTOS
Mcu.IP1=I2C1
Mcu.UserConstants=
SH.GPXTI13.ConfNb=1
SH.S_TIM14_CH1.0=TIM14_CH1,PWM Generation1 CH1
Mcu.ThirdPartyNb=0
RCC.SDIOFreq_Value=80000000
RCC.HCLKFreq_Value=40000000
Mcu.IPNb=8
RCC.I2SClocksFreq_Value=96000000
ProjectManager.PreviousToolchain=
RCC.APB2TimFreq_Value=40000000
PB6.Signal=S_TIM4_CH1
RCC.SPDIFRXFreq_Value=80000000
RCC.VcooutputI2S=96000000
PA8.GPIOParameters=GPIO_Label
Mcu.Pin6=PA8
Mcu.Pin7=PA9
Mcu.Pin8=PA13
Mcu.Pin9=PA14
RCC.VCOSAIOutputFreq_Value=192000000
FREERTOS.IPParameters=Tasks01,Events01,Queues01,FootprintOK
RCC.AHBFreq_Value=40000000
Mcu.Pin0=PC13
Mcu.Pin1=PA5
Mcu.Pin2=PA6
Mcu.Pin3=PA7
Mcu.Pin4=PC5
Mcu.Pin5=PB10
ProjectManager.ProjectBuild=false
RCC.HSE_VALUE=8000000
NVIC.UsageFault_IRQn=true\:0\:0\:false\:false\:true\:false\:true\:false
NVIC.DebugMonitor_IRQn=true\:0\:0\:false\:false\:true\:false\:true\:false
PA8.Locked=true
NVIC.SysTick_IRQn=true\:15\:0\:true\:false\:false\:true\:true\:true
ProjectManager.FirmwarePackage=STM32Cube FW_F4 V1.26.2
MxDb.Version=DB.6.0.21
ProjectManager.BackupPrevious=false
RCC.VCOInputFreq_Value=2000000
PA14.Mode=Serial_Wire
VP_SYS_VS_tim1.Mode=TIM1
File.Version=6
PB3.GPIOParameters=GPIO_Label
PB7.Signal=I2C1_SDA
PA8.Signal=GPIO_Output
RCC.PLLRCLKFreq_Value=80000000
PB6.Locked=true
NVIC.PendSV_IRQn=true\:15\:0\:false\:false\:false\:true\:false\:false
PB6.GPIOParameters=GPIO_Label
ProjectManager.HalAssertFull=false
ProjectManager.ProjectName=Projeto6_FreeRTOS
RCC.FLatency-AdvancedSettings=FLASH_LATENCY_1
PA13.GPIOParameters=GPIO_Label
RCC.MCO2PinFreq_Value=80000000
Mcu.Package=LQFP64
PA6.Signal=GPIO_Output
PA7.Locked=true
PA5.Locked=true
NVIC.TimeBase=TIM1_UP_TIM10_IRQn
PA14.Locked=true
ProjectManager.ToolChainLocation=
RCC.LSI_VALUE=32000
NVIC.TimeBaseIP=TIM1
USART3.IPParameters=VirtualMode
FREERTOS.FootprintOK=true
PA5.GPIOParameters=GPIO_Label
PB5.GPIO_Label=L293D_CLK
SH.S_TIM4_CH1.0=TIM4_CH1,PWM Generation1 CH1
RCC.CECFreq_Value=32786.88524590164
RCC.APB1TimFreq_Value=40000000
NVIC.BusFault_IRQn=true\:0\:0\:false\:false\:true\:false\:true\:false
PC5.Signal=USART3_RX
VP_TIM14_VS_ClockSourceINT.Mode=Enable_Timer
TIM14.IPParameters=Channel
RCC.SAIBFreq_Value=96000000
ProjectManager.CustomerFirmwarePackage=
RCC.PLLSAIQCLKFreq_Value=96000000
PB3.Locked=true
PB3.GPIO_Label=SWO
PA6.GPIOParameters=GPIO_Label
TIM4.Channel-PWM\ Generation1\ CH1=TIM_CHANNEL_1
SH.S_TIM4_CH1.ConfNb=1
ProjectManager.ProjectFileName=Projeto6_FreeRTOS.ioc
FREERTOS.Tasks01=controlador,24,128,startControlador,Default,NULL,Dynamic,NULL,NULL;magnetometro,24,128,startMagnetometro,Default,NULL,Dynamic,NULL,NULL;servoMotor,24,128,startServoMotor,Default,NULL,Dynamic,NULL,NULL;bluetooth,24,128,startBluetooth,Default,NULL,Dynamic,NULL,NULL;motorDC,24,128,startMotorDC,Default,NULL,Dynamic,NULL,NULL
Mcu.PinsNb=19
VP_TIM14_VS_ClockSourceINT.Signal=TIM14_VS_ClockSourceINT
ProjectManager.NoMain=false
PC13.Locked=true
NVIC.SavedSvcallIrqHandlerGenerated=true
PC13.Signal=GPXTI13
PA9.GPIO_Label=L293D_SER
RCC.FMPI2C1Freq_Value=20000000
RCC.VCOI2SInputFreq_Value=1000000
ProjectManager.DefaultFWLocation=true
ProjectManager.DeletePrevious=true
RCC.APB1CLKDivider=RCC_HCLK_DIV2
boardIOC=true
RCC.FamilyName=M
PA13.Signal=SYS_JTMS-SWDIO
PA8.GPIO_Label=L293D_EN
VP_TIM4_VS_ClockSourceINT.Signal=TIM4_VS_ClockSourceINT
ProjectManager.TargetToolchain=STM32CubeIDE
TIM4.IPParameters=Channel-PWM Generation1 CH1
PA9.Signal=GPIO_Output
PB5.Locked=true
RCC.VCOInputMFreq_Value=1000000
ProjectManager.RegisterCallBack=
RCC.USBFreq_Value=80000000
SH.S_TIM14_CH1.ConfNb=1
PB10.Signal=USART3_TX
RCC.VCOI2SOutputFreq_Value=192000000
PA5.Signal=GPIO_Output
RCC.PLLSAIPCLKFreq_Value=96000000
board=NUCLEO-F446RE
RCC.VCOOutputFreq_Value=160000000
ProjectManager.LastFirmware=true
NVIC.SavedSystickIrqHandlerGenerated=true
RCC.APB2Freq_Value=40000000
TIM14.Channel=TIM_CHANNEL_1
MxCube.Version=6.2.1
VP_SYS_VS_tim1.Signal=SYS_VS_tim1
RCC.PLLI2SPCLKFreq_Value=96000000
PC13.GPIOParameters=GPIO_Label,GPIO_ModeDefaultEXTI
RCC.EthernetFreq_Value=84000000
PA9.Locked=true
NVIC.NonMaskableInt_IRQn=true\:0\:0\:false\:false\:true\:false\:true\:false
RCC.AHBCLKDivider=RCC_SYSCLK_DIV2
PA13.Mode=Serial_Wire
ProjectManager.FreePins=false
RCC.IPParameters=48MHZClocksFreq_Value,AHBCLKDivider,AHBFreq_Value,APB1CLKDivider,APB1Freq_Value,APB1TimFreq_Value,APB2Freq_Value,APB2TimFreq_Value,CECFreq_Value,CortexFreq_Value,EthernetFreq_Value,FCLKCortexFreq_Value,FLatency-AdvancedSettings,FMPI2C1Freq_Value,FamilyName,HCLKFreq_Value,HSE_VALUE,HSI_VALUE,I2SClocksFreq_Value,LSI_VALUE,MCO2PinFreq_Value,PLLCLKFreq_Value,PLLI2SPCLKFreq_Value,PLLI2SQCLKFreq_Value,PLLI2SRCLKFreq_Value,PLLM,PLLN,PLLQCLKFreq_Value,PLLRCLKFreq_Value,PLLSAIPCLKFreq_Value,PLLSAIQCLKFreq_Value,PWRFreq_Value,RTCFreq_Value,RTCHSEDivFreq_Value,SAIAFreq_Value,SAIBFreq_Value,SDIOFreq_Value,SPDIFRXFreq_Value,SYSCLKFreq_VALUE,SYSCLKSource,USBFreq_Value,VCOI2SInputFreq_Value,VCOI2SOutputFreq_Value,VCOInputFreq_Value,VCOInputMFreq_Value,VCOOutputFreq_Value,VCOSAIInputFreq_Value,VCOSAIOutputFreq_Value,VcooutputI2S
ProjectManager.AskForMigrate=true
Mcu.Name=STM32F446R(C-E)Tx
RCC.PLLI2SQCLKFreq_Value=96000000
NVIC.SavedPendsvIrqHandlerGenerated=true
RCC.RTCHSEDivFreq_Value=4000000
PA13.GPIO_Label=TMS
ProjectManager.UnderRoot=true
VP_FREERTOS_VS_CMSIS_V2.Signal=FREERTOS_VS_CMSIS_V2
Mcu.IP6=TIM14
RCC.VCOSAIInputFreq_Value=1000000
Mcu.IP7=USART3
ProjectManager.CoupleFile=false
RCC.48MHZClocksFreq_Value=84000000
PB3.Signal=SYS_JTDO-SWO
RCC.SYSCLKFreq_VALUE=80000000
PB5.Signal=GPIO_Output
PA7.GPIO_Label=L293D_PWM
PA5.GPIO_Label=LD2 [Green Led]
NVIC.ForceEnableDMAVector=true
KeepUserPlacement=false
PC13.GPIO_ModeDefaultEXTI=GPIO_MODE_IT_FALLING
USART3.VirtualMode=VM_ASYNC
PA14.GPIOParameters=GPIO_Label
NVIC.MemoryManagement_IRQn=true\:0\:0\:false\:false\:true\:false\:true\:false
PA13.Locked=true
ProjectManager.CompilerOptimize=6
PB7.Mode=I2C
PA14.Signal=SYS_JTCK-SWCLK
ProjectManager.HeapSize=0x200
Mcu.Pin15=VP_FREERTOS_VS_CMSIS_V2
NVIC.HardFault_IRQn=true\:0\:0\:false\:false\:true\:false\:true\:false
Mcu.Pin16=VP_SYS_VS_tim1
Mcu.Pin13=PB7
Mcu.Pin14=PB8
NVIC.TIM1_UP_TIM10_IRQn=true\:0\:0\:false\:false\:true\:false\:false\:true
ProjectManager.ComputerToolchain=false
Mcu.Pin17=VP_TIM4_VS_ClockSourceINT
RCC.HSI_VALUE=16000000
Mcu.Pin18=VP_TIM14_VS_ClockSourceINT
VP_TIM4_VS_ClockSourceINT.Mode=Internal
NVIC.PriorityGroup=NVIC_PRIORITYGROUP_4
Mcu.Pin11=PB5
Mcu.Pin12=PB6
RCC.PLLM=8
PB8.Mode=I2C
RCC.PLLN=80
Mcu.Pin10=PB3
PB7.Locked=true
PB8.Signal=I2C1_SCL
RCC.PWRFreq_Value=80000000
RCC.APB1Freq_Value=20000000
PA7.GPIOParameters=GPIO_Label
ProjectManager.DeviceId=STM32F446RETx
ProjectManager.LibraryCopy=1
PA7.Signal=S_TIM14_CH1
PA6.Locked=true
isbadioc=false
